
Microsoft Visual Studio Solution File, Format Version 12.00
# Visual Studio 14
VisualStudioVersion = 14.0.25420.1
MinimumVisualStudioVersion = 10.0.40219.1
Project("{FAE04EC0-301F-11D3-BF4B-00C04F79EFBC}") = "JWLibrary.test", "JWLibrary.test\JWLibrary.test.csproj", "{2722A56C-596A-4051-B31C-0146AD213C16}"
EndProject
Project("{FAE04EC0-301F-11D3-BF4B-00C04F79EFBC}") = "JWLibrary.DB.MYSQL", "JWLibrary.DB.MYSQL\JWLibrary.DB.MYSQL.csproj", "{28141F0E-93B4-47D5-850E-6738ED920F6A}"
EndProject
Project("{FAE04EC0-301F-11D3-BF4B-00C04F79EFBC}") = "JWLibrary.DB.SQLite", "JWLibrary.DB.SQLite\JWLibrary.DB.SQLite.csproj", "{9B2D8D0D-D343-4388-8DB1-C4AD8E0383EB}"
EndProject
Project("{FAE04EC0-301F-11D3-BF4B-00C04F79EFBC}") = "JWLibrary.FFmpeg", "JWLibrary.FFmpeg\JWLibrary.FFmpeg.csproj", "{41464A67-E8BF-4B88-BBCC-AE878B1BD365}"
EndProject
Project("{FAE04EC0-301F-11D3-BF4B-00C04F79EFBC}") = "JWLibrary.OSI", "JWLibrary.Hardware\JWLibrary.OSI.csproj", "{271EC4EA-ADC3-4E97-A1F9-F5DA8E578144}"
EndProject
Project("{FAE04EC0-301F-11D3-BF4B-00C04F79EFBC}") = "JWLibrary.MsOffice", "JWLibrary.MsOffice\JWLibrary.MsOffice.csproj", "{F4BE7AB5-B270-44AD-B796-E05CE2E99B97}"
EndProject
Project("{FAE04EC0-301F-11D3-BF4B-00C04F79EFBC}") = "JWLibrary.Winform", "JWLibrary.Winform\JWLibrary.Winform.csproj", "{57583575-D94E-4B76-9773-FD33414B9242}"
EndProject
Project("{FAE04EC0-301F-11D3-BF4B-00C04F79EFBC}") = "JWLibrary.Winform.Test", "JWLibrary.Winform.Test\JWLibrary.Winform.Test.csproj", "{05146A47-D8E4-43F9-9380-303A4608A9AA}"
EndProject
Project("{FAE04EC0-301F-11D3-BF4B-00C04F79EFBC}") = "JWLibrary.SettingLoader", "JWLibrary.SettingLoader\JWLibrary.SettingLoader.csproj", "{A36CD745-67A8-413E-B1D4-ACF1D0771013}"
EndProject
Project("{FAE04EC0-301F-11D3-BF4B-00C04F79EFBC}") = "JWLibrary.Firewall", "JWLibrary.Firewall\JWLibrary.Firewall.csproj", "{994A2725-0678-4AD6-83FC-6DE736D6B51B}"
EndProject
Project("{FAE04EC0-301F-11D3-BF4B-00C04F79EFBC}") = "JWLibrary.Http", "JWLibrary.Http\JWLibrary.Http.csproj", "{047F1412-60C6-4E41-BFEF-F8AEC91535B6}"
EndProject
Project("{FAE04EC0-301F-11D3-BF4B-00C04F79EFBC}") = "JWLibrary.Wpf", "JWLibrary.Wpf.Sticky\JWLibrary.Wpf.csproj", "{AB0AE286-362A-49B6-A5E8-A3FDE30B2431}"
EndProject
Project("{FAE04EC0-301F-11D3-BF4B-00C04F79EFBC}") = "JWLibrary.Win32", "JWLibrary.Win32\JWLibrary.Win32.csproj", "{F35EFFAD-E89E-4DF8-9CA7-DA1DCC31CA72}"
EndProject
Project("{FAE04EC0-301F-11D3-BF4B-00C04F79EFBC}") = "JWLibrary.Hook", "JWLibrary.Hook\JWLibrary.Hook.csproj", "{10FB981C-5757-4EAB-A331-F6B0917B3201}"
EndProject
Project("{FAE04EC0-301F-11D3-BF4B-00C04F79EFBC}") = "JWLibrary.Core", "JWLibrary.Core\JWLibrary.Core.csproj", "{37FF01AD-9C00-47FB-AFF0-B8F9084B91D1}"
EndProject
Project("{FAE04EC0-301F-11D3-BF4B-00C04F79EFBC}") = "JWLibrary.FFmpeg.Test", "JWLibrary.FFmpeg.Test\JWLibrary.FFmpeg.Test.csproj", "{63870E05-54C9-488C-BE18-DB621DEC1326}"
EndProject
Global
	GlobalSection(SolutionConfigurationPlatforms) = preSolution
		Debug|Any CPU = Debug|Any CPU
		Release|Any CPU = Release|Any CPU
	EndGlobalSection
	GlobalSection(ProjectConfigurationPlatforms) = postSolution
		{2722A56C-596A-4051-B31C-0146AD213C16}.Debug|Any CPU.ActiveCfg = Debug|Any CPU
		{2722A56C-596A-4051-B31C-0146AD213C16}.Debug|Any CPU.Build.0 = Debug|Any CPU
		{2722A56C-596A-4051-B31C-0146AD213C16}.Release|Any CPU.ActiveCfg = Release|Any CPU
		{2722A56C-596A-4051-B31C-0146AD213C16}.Release|Any CPU.Build.0 = Release|Any CPU
		{28141F0E-93B4-47D5-850E-6738ED920F6A}.Debug|Any CPU.ActiveCfg = Debug|Any CPU
		{28141F0E-93B4-47D5-850E-6738ED920F6A}.Debug|Any CPU.Build.0 = Debug|Any CPU
		{28141F0E-93B4-47D5-850E-6738ED920F6A}.Release|Any CPU.ActiveCfg = Release|Any CPU
		{28141F0E-93B4-47D5-850E-6738ED920F6A}.Release|Any CPU.Build.0 = Release|Any CPU
		{9B2D8D0D-D343-4388-8DB1-C4AD8E0383EB}.Debug|Any CPU.ActiveCfg = Debug|Any CPU
		{9B2D8D0D-D343-4388-8DB1-C4AD8E0383EB}.Debug|Any CPU.Build.0 = Debug|Any CPU
		{9B2D8D0D-D343-4388-8DB1-C4AD8E0383EB}.Release|Any CPU.ActiveCfg = Release|Any CPU
		{9B2D8D0D-D343-4388-8DB1-C4AD8E0383EB}.Release|Any CPU.Build.0 = Release|Any CPU
		{41464A67-E8BF-4B88-BBCC-AE878B1BD365}.Debug|Any CPU.ActiveCfg = Debug|Any CPU
		{41464A67-E8BF-4B88-BBCC-AE878B1BD365}.Debug|Any CPU.Build.0 = Debug|Any CPU
		{41464A67-E8BF-4B88-BBCC-AE878B1BD365}.Release|Any CPU.ActiveCfg = Release|Any CPU
		{41464A67-E8BF-4B88-BBCC-AE878B1BD365}.Release|Any CPU.Build.0 = Release|Any CPU
		{271EC4EA-ADC3-4E97-A1F9-F5DA8E578144}.Debug|Any CPU.ActiveCfg = Debug|Any CPU
		{271EC4EA-ADC3-4E97-A1F9-F5DA8E578144}.Debug|Any CPU.Build.0 = Debug|Any CPU
		{271EC4EA-ADC3-4E97-A1F9-F5DA8E578144}.Release|Any CPU.ActiveCfg = Release|Any CPU
		{271EC4EA-ADC3-4E97-A1F9-F5DA8E578144}.Release|Any CPU.Build.0 = Release|Any CPU
		{F4BE7AB5-B270-44AD-B796-E05CE2E99B97}.Debug|Any CPU.ActiveCfg = Debug|Any CPU
		{F4BE7AB5-B270-44AD-B796-E05CE2E99B97}.Debug|Any CPU.Build.0 = Debug|Any CPU
		{F4BE7AB5-B270-44AD-B796-E05CE2E99B97}.Release|Any CPU.ActiveCfg = Release|Any CPU
		{F4BE7AB5-B270-44AD-B796-E05CE2E99B97}.Release|Any CPU.Build.0 = Release|Any CPU
		{57583575-D94E-4B76-9773-FD33414B9242}.Debug|Any CPU.ActiveCfg = Debug|Any CPU
		{57583575-D94E-4B76-9773-FD33414B9242}.Debug|Any CPU.Build.0 = Debug|Any CPU
		{57583575-D94E-4B76-9773-FD33414B9242}.Release|Any CPU.ActiveCfg = Release|Any CPU
		{57583575-D94E-4B76-9773-FD33414B9242}.Release|Any CPU.Build.0 = Release|Any CPU
		{05146A47-D8E4-43F9-9380-303A4608A9AA}.Debug|Any CPU.ActiveCfg = Debug|Any CPU
		{05146A47-D8E4-43F9-9380-303A4608A9AA}.Debug|Any CPU.Build.0 = Debug|Any CPU
		{05146A47-D8E4-43F9-9380-303A4608A9AA}.Release|Any CPU.ActiveCfg = Release|Any CPU
		{05146A47-D8E4-43F9-9380-303A4608A9AA}.Release|Any CPU.Build.0 = Release|Any CPU
		{A36CD745-67A8-413E-B1D4-ACF1D0771013}.Debug|Any CPU.ActiveCfg = Debug|Any CPU
		{A36CD745-67A8-413E-B1D4-ACF1D0771013}.Debug|Any CPU.Build.0 = Debug|Any CPU
		{A36CD745-67A8-413E-B1D4-ACF1D0771013}.Release|Any CPU.ActiveCfg = Release|Any CPU
		{A36CD745-67A8-413E-B1D4-ACF1D0771013}.Release|Any CPU.Build.0 = Release|Any CPU
		{994A2725-0678-4AD6-83FC-6DE736D6B51B}.Debug|Any CPU.ActiveCfg = Debug|Any CPU
		{994A2725-0678-4AD6-83FC-6DE736D6B51B}.Debug|Any CPU.Build.0 = Debug|Any CPU
		{994A2725-0678-4AD6-83FC-6DE736D6B51B}.Release|Any CPU.ActiveCfg = Release|Any CPU
		{994A2725-0678-4AD6-83FC-6DE736D6B51B}.Release|Any CPU.Build.0 = Release|Any CPU
		{047F1412-60C6-4E41-BFEF-F8AEC91535B6}.Debug|Any CPU.ActiveCfg = Debug|Any CPU
		{047F1412-60C6-4E41-BFEF-F8AEC91535B6}.Debug|Any CPU.Build.0 = Debug|Any CPU
		{047F1412-60C6-4E41-BFEF-F8AEC91535B6}.Release|Any CPU.ActiveCfg = Release|Any CPU
		{047F1412-60C6-4E41-BFEF-F8AEC91535B6}.Release|Any CPU.Build.0 = Release|Any CPU
		{AB0AE286-362A-49B6-A5E8-A3FDE30B2431}.Debug|Any CPU.ActiveCfg = Debug|Any CPU
		{AB0AE286-362A-49B6-A5E8-A3FDE30B2431}.Debug|Any CPU.Build.0 = Debug|Any CPU
		{AB0AE286-362A-49B6-A5E8-A3FDE30B2431}.Release|Any CPU.ActiveCfg = Release|Any CPU
		{AB0AE286-362A-49B6-A5E8-A3FDE30B2431}.Release|Any CPU.Build.0 = Release|Any CPU
		{F35EFFAD-E89E-4DF8-9CA7-DA1DCC31CA72}.Debug|Any CPU.ActiveCfg = Debug|Any CPU
		{F35EFFAD-E89E-4DF8-9CA7-DA1DCC31CA72}.Debug|Any CPU.Build.0 = Debug|Any CPU
		{F35EFFAD-E89E-4DF8-9CA7-DA1DCC31CA72}.Release|Any CPU.ActiveCfg = Release|Any CPU
		{F35EFFAD-E89E-4DF8-9CA7-DA1DCC31CA72}.Release|Any CPU.Build.0 = Release|Any CPU
		{10FB981C-5757-4EAB-A331-F6B0917B3201}.Debug|Any CPU.ActiveCfg = Debug|Any CPU
		{10FB981C-5757-4EAB-A331-F6B0917B3201}.Debug|Any CPU.Build.0 = Debug|Any CPU
		{10FB981C-5757-4EAB-A331-F6B0917B3201}.Release|Any CPU.ActiveCfg = Release|Any CPU
		{10FB981C-5757-4EAB-A331-F6B0917B3201}.Release|Any CPU.Build.0 = Release|Any CPU
		{37FF01AD-9C00-47FB-AFF0-B8F9084B91D1}.Debug|Any CPU.ActiveCfg = Debug|Any CPU
		{37FF01AD-9C00-47FB-AFF0-B8F9084B91D1}.Debug|Any CPU.Build.0 = Debug|Any CPU
		{37FF01AD-9C00-47FB-AFF0-B8F9084B91D1}.Release|Any CPU.ActiveCfg = Release|Any CPU
		{37FF01AD-9C00-47FB-AFF0-B8F9084B91D1}.Release|Any CPU.Build.0 = Release|Any CPU
		{63870E05-54C9-488C-BE18-DB621DEC1326}.Debug|Any CPU.ActiveCfg = Debug|Any CPU
		{63870E05-54C9-488C-BE18-DB621DEC1326}.Debug|Any CPU.Build.0 = Debug|Any CPU
		{63870E05-54C9-488C-BE18-DB621DEC1326}.Release|Any CPU.ActiveCfg = Release|Any CPU
		{63870E05-54C9-488C-BE18-DB621DEC1326}.Release|Any CPU.Build.0 = Release|Any CPU
	EndGlobalSection
	GlobalSection(SolutionProperties) = preSolution
		HideSolutionNode = FALSE
	EndGlobalSection
EndGlobal
