
Microsoft Visual Studio Solution File, Format Version 12.00
# Visual Studio Version 16
VisualStudioVersion = 16.0.30204.135
MinimumVisualStudioVersion = 10.0.40219.1
Project("{2150E333-8FDC-42A3-9474-1A3956D46DE8}") = "DotnetFramework", "DotnetFramework", "{D5C64493-591E-4871-90D6-B6C9194D9324}"
EndProject
Project("{2150E333-8FDC-42A3-9474-1A3956D46DE8}") = "DotnetStandard", "DotnetStandard", "{473D741E-FA76-4680-AA7E-D110D7AD4B73}"
EndProject
Project("{2150E333-8FDC-42A3-9474-1A3956D46DE8}") = "DotnetCore", "DotnetCore", "{0E3227D5-56A1-4A6D-8388-A1D4AFE1EC0A}"
EndProject
Project("{9A19103F-16F7-4668-BE54-9A1E7A4F7556}") = "JWLibrary.StaticMethod", "JWLibrary.StaticMethod\JWLibrary.StaticMethod.csproj", "{35CD6B6E-FFAA-4CE6-A4A9-0C52B9B5B8E9}"
EndProject
Project("{2150E333-8FDC-42A3-9474-1A3956D46DE8}") = "DotnetTest", "DotnetTest", "{71D0401D-12AC-4745-B8ED-4B3555483BA0}"
EndProject
Project("{9A19103F-16F7-4668-BE54-9A1E7A4F7556}") = "JWLibrary.Tests", "DotnetTest\JWLibrary.Tests\JWLibrary.Tests.csproj", "{2F279681-DA81-40E7-913B-D355AC4A4F87}"
EndProject
Project("{9A19103F-16F7-4668-BE54-9A1E7A4F7556}") = "JWLibrary.NetCore", "DotnetCore\JWLibrary.NetCore\JWLibrary.NetCore.csproj", "{27451498-9CF2-4998-A658-3713B045E34F}"
EndProject
Project("{FAE04EC0-301F-11D3-BF4B-00C04F79EFBC}") = "JWLibrary.Core", "DotNetFramework\JWLibrary.Core\JWLibrary.Core.csproj", "{37FF01AD-9C00-47FB-AFF0-B8F9084B91D1}"
EndProject
Project("{FAE04EC0-301F-11D3-BF4B-00C04F79EFBC}") = "JWLibrary.DB.MYSQL", "DotNetFramework\JWLibrary.DB.MYSQL\JWLibrary.DB.MYSQL.csproj", "{28141F0E-93B4-47D5-850E-6738ED920F6A}"
EndProject
Project("{FAE04EC0-301F-11D3-BF4B-00C04F79EFBC}") = "JWLibrary.DB.SQLite", "DotNetFramework\JWLibrary.DB.SQLite\JWLibrary.DB.SQLite.csproj", "{9B2D8D0D-D343-4388-8DB1-C4AD8E0383EB}"
EndProject
Project("{FAE04EC0-301F-11D3-BF4B-00C04F79EFBC}") = "JWLibrary.FFmpeg", "DotNetFramework\JWLibrary.FFmpeg\JWLibrary.FFmpeg.csproj", "{41464A67-E8BF-4B88-BBCC-AE878B1BD365}"
EndProject
Project("{FAE04EC0-301F-11D3-BF4B-00C04F79EFBC}") = "JWLibrary.FFmpeg.Test", "DotNetFramework\JWLibrary.FFmpeg.Test\JWLibrary.FFmpeg.Test.csproj", "{63870E05-54C9-488C-BE18-DB621DEC1326}"
EndProject
Project("{FAE04EC0-301F-11D3-BF4B-00C04F79EFBC}") = "JWLibrary.Firewall", "DotNetFramework\JWLibrary.Firewall\JWLibrary.Firewall.csproj", "{994A2725-0678-4AD6-83FC-6DE736D6B51B}"
EndProject
Project("{FAE04EC0-301F-11D3-BF4B-00C04F79EFBC}") = "JWLibrary.OSI", "DotNetFramework\JWLibrary.Hardware\JWLibrary.OSI.csproj", "{271EC4EA-ADC3-4E97-A1F9-F5DA8E578144}"
EndProject
Project("{FAE04EC0-301F-11D3-BF4B-00C04F79EFBC}") = "JWLibrary.Hook", "DotNetFramework\JWLibrary.Hook\JWLibrary.Hook.csproj", "{10FB981C-5757-4EAB-A331-F6B0917B3201}"
EndProject
Project("{FAE04EC0-301F-11D3-BF4B-00C04F79EFBC}") = "JWLibrary.Http", "DotNetFramework\JWLibrary.Http\JWLibrary.Http.csproj", "{047F1412-60C6-4E41-BFEF-F8AEC91535B6}"
EndProject
Project("{FAE04EC0-301F-11D3-BF4B-00C04F79EFBC}") = "JWLibrary.MsOffice", "DotNetFramework\JWLibrary.MsOffice\JWLibrary.MsOffice.csproj", "{F4BE7AB5-B270-44AD-B796-E05CE2E99B97}"
EndProject
Project("{FAE04EC0-301F-11D3-BF4B-00C04F79EFBC}") = "JWLibrary.Parser", "DotNetFramework\JWLibrary.Parser\JWLibrary.Parser.csproj", "{A36CD745-67A8-413E-B1D4-ACF1D0771013}"
EndProject
Project("{FAE04EC0-301F-11D3-BF4B-00C04F79EFBC}") = "JWLibrary.Win32", "DotNetFramework\JWLibrary.Win32\JWLibrary.Win32.csproj", "{F35EFFAD-E89E-4DF8-9CA7-DA1DCC31CA72}"
EndProject
Project("{FAE04EC0-301F-11D3-BF4B-00C04F79EFBC}") = "JWLibrary.Winform", "DotNetFramework\JWLibrary.Winform\JWLibrary.Winform.csproj", "{57583575-D94E-4B76-9773-FD33414B9242}"
EndProject
Project("{FAE04EC0-301F-11D3-BF4B-00C04F79EFBC}") = "JWLibrary.Winform.Test", "DotNetFramework\JWLibrary.Winform.Test\JWLibrary.Winform.Test.csproj", "{05146A47-D8E4-43F9-9380-303A4608A9AA}"
EndProject
Project("{FAE04EC0-301F-11D3-BF4B-00C04F79EFBC}") = "JWLibrary.Wpf", "DotNetFramework\JWLibrary.Wpf.Sticky\JWLibrary.Wpf.csproj", "{AB0AE286-362A-49B6-A5E8-A3FDE30B2431}"
EndProject
Project("{9A19103F-16F7-4668-BE54-9A1E7A4F7556}") = "JWLibrary.Core.NetStandard", "DotnetStandard\JWLibrary.Core.netstandard\JWLibrary.Core.NetStandard.csproj", "{FE189A05-938D-4F47-8CD5-883604B895DB}"
EndProject
Project("{9A19103F-16F7-4668-BE54-9A1E7A4F7556}") = "JWLibrary.Helpers", "DotnetStandard\JWLibrary.Helpers\JWLibrary.Helpers.csproj", "{F1493AB1-EC5A-4EDA-B1FD-4CE3C49DA66A}"
EndProject
Project("{2150E333-8FDC-42A3-9474-1A3956D46DE8}") = "Windows", "Windows", "{C2F59704-3FEF-487C-AD20-1A3743FD85C7}"
EndProject
Global
	GlobalSection(SolutionConfigurationPlatforms) = preSolution
		Debug|Any CPU = Debug|Any CPU
		Release|Any CPU = Release|Any CPU
	EndGlobalSection
	GlobalSection(ProjectConfigurationPlatforms) = postSolution
		{35CD6B6E-FFAA-4CE6-A4A9-0C52B9B5B8E9}.Debug|Any CPU.ActiveCfg = Debug|Any CPU
		{35CD6B6E-FFAA-4CE6-A4A9-0C52B9B5B8E9}.Debug|Any CPU.Build.0 = Debug|Any CPU
		{35CD6B6E-FFAA-4CE6-A4A9-0C52B9B5B8E9}.Release|Any CPU.ActiveCfg = Release|Any CPU
		{35CD6B6E-FFAA-4CE6-A4A9-0C52B9B5B8E9}.Release|Any CPU.Build.0 = Release|Any CPU
		{2F279681-DA81-40E7-913B-D355AC4A4F87}.Debug|Any CPU.ActiveCfg = Debug|Any CPU
		{2F279681-DA81-40E7-913B-D355AC4A4F87}.Debug|Any CPU.Build.0 = Debug|Any CPU
		{2F279681-DA81-40E7-913B-D355AC4A4F87}.Release|Any CPU.ActiveCfg = Release|Any CPU
		{2F279681-DA81-40E7-913B-D355AC4A4F87}.Release|Any CPU.Build.0 = Release|Any CPU
		{27451498-9CF2-4998-A658-3713B045E34F}.Debug|Any CPU.ActiveCfg = Debug|Any CPU
		{27451498-9CF2-4998-A658-3713B045E34F}.Debug|Any CPU.Build.0 = Debug|Any CPU
		{27451498-9CF2-4998-A658-3713B045E34F}.Release|Any CPU.ActiveCfg = Release|Any CPU
		{27451498-9CF2-4998-A658-3713B045E34F}.Release|Any CPU.Build.0 = Release|Any CPU
		{37FF01AD-9C00-47FB-AFF0-B8F9084B91D1}.Debug|Any CPU.ActiveCfg = Debug|Any CPU
		{37FF01AD-9C00-47FB-AFF0-B8F9084B91D1}.Debug|Any CPU.Build.0 = Debug|Any CPU
		{37FF01AD-9C00-47FB-AFF0-B8F9084B91D1}.Release|Any CPU.ActiveCfg = Release|Any CPU
		{37FF01AD-9C00-47FB-AFF0-B8F9084B91D1}.Release|Any CPU.Build.0 = Release|Any CPU
		{28141F0E-93B4-47D5-850E-6738ED920F6A}.Debug|Any CPU.ActiveCfg = Debug|Any CPU
		{28141F0E-93B4-47D5-850E-6738ED920F6A}.Debug|Any CPU.Build.0 = Debug|Any CPU
		{28141F0E-93B4-47D5-850E-6738ED920F6A}.Release|Any CPU.ActiveCfg = Release|Any CPU
		{28141F0E-93B4-47D5-850E-6738ED920F6A}.Release|Any CPU.Build.0 = Release|Any CPU
		{9B2D8D0D-D343-4388-8DB1-C4AD8E0383EB}.Debug|Any CPU.ActiveCfg = Debug|Any CPU
		{9B2D8D0D-D343-4388-8DB1-C4AD8E0383EB}.Debug|Any CPU.Build.0 = Debug|Any CPU
		{9B2D8D0D-D343-4388-8DB1-C4AD8E0383EB}.Release|Any CPU.ActiveCfg = Release|Any CPU
		{9B2D8D0D-D343-4388-8DB1-C4AD8E0383EB}.Release|Any CPU.Build.0 = Release|Any CPU
		{41464A67-E8BF-4B88-BBCC-AE878B1BD365}.Debug|Any CPU.ActiveCfg = Debug|Any CPU
		{41464A67-E8BF-4B88-BBCC-AE878B1BD365}.Debug|Any CPU.Build.0 = Debug|Any CPU
		{41464A67-E8BF-4B88-BBCC-AE878B1BD365}.Release|Any CPU.ActiveCfg = Release|Any CPU
		{41464A67-E8BF-4B88-BBCC-AE878B1BD365}.Release|Any CPU.Build.0 = Release|Any CPU
		{63870E05-54C9-488C-BE18-DB621DEC1326}.Debug|Any CPU.ActiveCfg = Debug|Any CPU
		{63870E05-54C9-488C-BE18-DB621DEC1326}.Debug|Any CPU.Build.0 = Debug|Any CPU
		{63870E05-54C9-488C-BE18-DB621DEC1326}.Release|Any CPU.ActiveCfg = Release|Any CPU
		{63870E05-54C9-488C-BE18-DB621DEC1326}.Release|Any CPU.Build.0 = Release|Any CPU
		{994A2725-0678-4AD6-83FC-6DE736D6B51B}.Debug|Any CPU.ActiveCfg = Debug|Any CPU
		{994A2725-0678-4AD6-83FC-6DE736D6B51B}.Debug|Any CPU.Build.0 = Debug|Any CPU
		{994A2725-0678-4AD6-83FC-6DE736D6B51B}.Release|Any CPU.ActiveCfg = Release|Any CPU
		{994A2725-0678-4AD6-83FC-6DE736D6B51B}.Release|Any CPU.Build.0 = Release|Any CPU
		{271EC4EA-ADC3-4E97-A1F9-F5DA8E578144}.Debug|Any CPU.ActiveCfg = Debug|Any CPU
		{271EC4EA-ADC3-4E97-A1F9-F5DA8E578144}.Debug|Any CPU.Build.0 = Debug|Any CPU
		{271EC4EA-ADC3-4E97-A1F9-F5DA8E578144}.Release|Any CPU.ActiveCfg = Release|Any CPU
		{271EC4EA-ADC3-4E97-A1F9-F5DA8E578144}.Release|Any CPU.Build.0 = Release|Any CPU
		{10FB981C-5757-4EAB-A331-F6B0917B3201}.Debug|Any CPU.ActiveCfg = Debug|Any CPU
		{10FB981C-5757-4EAB-A331-F6B0917B3201}.Debug|Any CPU.Build.0 = Debug|Any CPU
		{10FB981C-5757-4EAB-A331-F6B0917B3201}.Release|Any CPU.ActiveCfg = Release|Any CPU
		{10FB981C-5757-4EAB-A331-F6B0917B3201}.Release|Any CPU.Build.0 = Release|Any CPU
		{047F1412-60C6-4E41-BFEF-F8AEC91535B6}.Debug|Any CPU.ActiveCfg = Debug|Any CPU
		{047F1412-60C6-4E41-BFEF-F8AEC91535B6}.Debug|Any CPU.Build.0 = Debug|Any CPU
		{047F1412-60C6-4E41-BFEF-F8AEC91535B6}.Release|Any CPU.ActiveCfg = Release|Any CPU
		{047F1412-60C6-4E41-BFEF-F8AEC91535B6}.Release|Any CPU.Build.0 = Release|Any CPU
		{F4BE7AB5-B270-44AD-B796-E05CE2E99B97}.Debug|Any CPU.ActiveCfg = Debug|Any CPU
		{F4BE7AB5-B270-44AD-B796-E05CE2E99B97}.Debug|Any CPU.Build.0 = Debug|Any CPU
		{F4BE7AB5-B270-44AD-B796-E05CE2E99B97}.Release|Any CPU.ActiveCfg = Release|Any CPU
		{F4BE7AB5-B270-44AD-B796-E05CE2E99B97}.Release|Any CPU.Build.0 = Release|Any CPU
		{A36CD745-67A8-413E-B1D4-ACF1D0771013}.Debug|Any CPU.ActiveCfg = Debug|Any CPU
		{A36CD745-67A8-413E-B1D4-ACF1D0771013}.Debug|Any CPU.Build.0 = Debug|Any CPU
		{A36CD745-67A8-413E-B1D4-ACF1D0771013}.Release|Any CPU.ActiveCfg = Release|Any CPU
		{A36CD745-67A8-413E-B1D4-ACF1D0771013}.Release|Any CPU.Build.0 = Release|Any CPU
		{F35EFFAD-E89E-4DF8-9CA7-DA1DCC31CA72}.Debug|Any CPU.ActiveCfg = Debug|Any CPU
		{F35EFFAD-E89E-4DF8-9CA7-DA1DCC31CA72}.Debug|Any CPU.Build.0 = Debug|Any CPU
		{F35EFFAD-E89E-4DF8-9CA7-DA1DCC31CA72}.Release|Any CPU.ActiveCfg = Release|Any CPU
		{F35EFFAD-E89E-4DF8-9CA7-DA1DCC31CA72}.Release|Any CPU.Build.0 = Release|Any CPU
		{57583575-D94E-4B76-9773-FD33414B9242}.Debug|Any CPU.ActiveCfg = Debug|Any CPU
		{57583575-D94E-4B76-9773-FD33414B9242}.Debug|Any CPU.Build.0 = Debug|Any CPU
		{57583575-D94E-4B76-9773-FD33414B9242}.Release|Any CPU.ActiveCfg = Release|Any CPU
		{57583575-D94E-4B76-9773-FD33414B9242}.Release|Any CPU.Build.0 = Release|Any CPU
		{05146A47-D8E4-43F9-9380-303A4608A9AA}.Debug|Any CPU.ActiveCfg = Debug|Any CPU
		{05146A47-D8E4-43F9-9380-303A4608A9AA}.Debug|Any CPU.Build.0 = Debug|Any CPU
		{05146A47-D8E4-43F9-9380-303A4608A9AA}.Release|Any CPU.ActiveCfg = Release|Any CPU
		{05146A47-D8E4-43F9-9380-303A4608A9AA}.Release|Any CPU.Build.0 = Release|Any CPU
		{AB0AE286-362A-49B6-A5E8-A3FDE30B2431}.Debug|Any CPU.ActiveCfg = Debug|Any CPU
		{AB0AE286-362A-49B6-A5E8-A3FDE30B2431}.Debug|Any CPU.Build.0 = Debug|Any CPU
		{AB0AE286-362A-49B6-A5E8-A3FDE30B2431}.Release|Any CPU.ActiveCfg = Release|Any CPU
		{AB0AE286-362A-49B6-A5E8-A3FDE30B2431}.Release|Any CPU.Build.0 = Release|Any CPU
		{FE189A05-938D-4F47-8CD5-883604B895DB}.Debug|Any CPU.ActiveCfg = Debug|Any CPU
		{FE189A05-938D-4F47-8CD5-883604B895DB}.Debug|Any CPU.Build.0 = Debug|Any CPU
		{FE189A05-938D-4F47-8CD5-883604B895DB}.Release|Any CPU.ActiveCfg = Release|Any CPU
		{FE189A05-938D-4F47-8CD5-883604B895DB}.Release|Any CPU.Build.0 = Release|Any CPU
		{F1493AB1-EC5A-4EDA-B1FD-4CE3C49DA66A}.Debug|Any CPU.ActiveCfg = Debug|Any CPU
		{F1493AB1-EC5A-4EDA-B1FD-4CE3C49DA66A}.Debug|Any CPU.Build.0 = Debug|Any CPU
		{F1493AB1-EC5A-4EDA-B1FD-4CE3C49DA66A}.Release|Any CPU.ActiveCfg = Release|Any CPU
		{F1493AB1-EC5A-4EDA-B1FD-4CE3C49DA66A}.Release|Any CPU.Build.0 = Release|Any CPU
	EndGlobalSection
	GlobalSection(SolutionProperties) = preSolution
		HideSolutionNode = FALSE
	EndGlobalSection
	GlobalSection(NestedProjects) = preSolution
		{35CD6B6E-FFAA-4CE6-A4A9-0C52B9B5B8E9} = {473D741E-FA76-4680-AA7E-D110D7AD4B73}
		{2F279681-DA81-40E7-913B-D355AC4A4F87} = {71D0401D-12AC-4745-B8ED-4B3555483BA0}
		{27451498-9CF2-4998-A658-3713B045E34F} = {0E3227D5-56A1-4A6D-8388-A1D4AFE1EC0A}
		{37FF01AD-9C00-47FB-AFF0-B8F9084B91D1} = {D5C64493-591E-4871-90D6-B6C9194D9324}
		{28141F0E-93B4-47D5-850E-6738ED920F6A} = {D5C64493-591E-4871-90D6-B6C9194D9324}
		{9B2D8D0D-D343-4388-8DB1-C4AD8E0383EB} = {D5C64493-591E-4871-90D6-B6C9194D9324}
		{41464A67-E8BF-4B88-BBCC-AE878B1BD365} = {D5C64493-591E-4871-90D6-B6C9194D9324}
		{63870E05-54C9-488C-BE18-DB621DEC1326} = {D5C64493-591E-4871-90D6-B6C9194D9324}
		{994A2725-0678-4AD6-83FC-6DE736D6B51B} = {C2F59704-3FEF-487C-AD20-1A3743FD85C7}
		{271EC4EA-ADC3-4E97-A1F9-F5DA8E578144} = {C2F59704-3FEF-487C-AD20-1A3743FD85C7}
		{10FB981C-5757-4EAB-A331-F6B0917B3201} = {C2F59704-3FEF-487C-AD20-1A3743FD85C7}
		{047F1412-60C6-4E41-BFEF-F8AEC91535B6} = {D5C64493-591E-4871-90D6-B6C9194D9324}
		{F4BE7AB5-B270-44AD-B796-E05CE2E99B97} = {C2F59704-3FEF-487C-AD20-1A3743FD85C7}
		{A36CD745-67A8-413E-B1D4-ACF1D0771013} = {D5C64493-591E-4871-90D6-B6C9194D9324}
		{F35EFFAD-E89E-4DF8-9CA7-DA1DCC31CA72} = {C2F59704-3FEF-487C-AD20-1A3743FD85C7}
		{57583575-D94E-4B76-9773-FD33414B9242} = {C2F59704-3FEF-487C-AD20-1A3743FD85C7}
		{05146A47-D8E4-43F9-9380-303A4608A9AA} = {C2F59704-3FEF-487C-AD20-1A3743FD85C7}
		{AB0AE286-362A-49B6-A5E8-A3FDE30B2431} = {C2F59704-3FEF-487C-AD20-1A3743FD85C7}
		{FE189A05-938D-4F47-8CD5-883604B895DB} = {473D741E-FA76-4680-AA7E-D110D7AD4B73}
		{F1493AB1-EC5A-4EDA-B1FD-4CE3C49DA66A} = {473D741E-FA76-4680-AA7E-D110D7AD4B73}
		{C2F59704-3FEF-487C-AD20-1A3743FD85C7} = {D5C64493-591E-4871-90D6-B6C9194D9324}
	EndGlobalSection
	GlobalSection(ExtensibilityGlobals) = postSolution
		SolutionGuid = {0E469A77-3A20-49DE-ABC5-6ED14F253F99}
	EndGlobalSection
EndGlobal
